
Microsoft Visual Studio Solution File, Format Version 12.00
Project("{FAE04EC0-301F-11D3-BF4B-00C04F79EFBC}") = "FC.Common.Domain", "FC.Common.Domain\FC.Common.Domain.csproj", "{3DD189C4-A785-4A0C-95B6-D3F3C0D6E2F2}"
EndProject
Project("{FAE04EC0-301F-11D3-BF4B-00C04F79EFBC}") = "FC.Common.DataAccess", "FC.Common.DataAccess\FC.Common.DataAccess.csproj", "{06DFF009-190C-4A9D-B890-EE08B73B1EB5}"
EndProject
Project("{2150E333-8FDC-42A3-9474-1A3956D46DE8}") = "MongoDataAccess", "MongoDataAccess", "{A6B35E5D-FAC3-435D-B5C0-302DF44CB05A}"
EndProject
Project("{FAE04EC0-301F-11D3-BF4B-00C04F79EFBC}") = "FC.Extension.SQL.Mongo", "FC.Extension.SQL.Mongo\FC.Extension.SQL.Mongo.csproj", "{48F3054A-E27E-42F6-A78B-C374380516B9}"
EndProject
Project("{2150E333-8FDC-42A3-9474-1A3956D46DE8}") = "Test", "Test", "{376C47B6-4130-43E2-BF6B-E51025E49A4B}"
EndProject
Project("{FAE04EC0-301F-11D3-BF4B-00C04F79EFBC}") = "FC.Common.DataAccess.Test", "FC.Common.DataAccess.Test\FC.Common.DataAccess.Test.csproj", "{870C5EF0-C489-4447-9138-5441DCB8633E}"
EndProject
Project("{FAE04EC0-301F-11D3-BF4B-00C04F79EFBC}") = "FC.Common.Domain.FakeData", "FC.Common.Domain.FakeData\FC.Common.Domain.FakeData.csproj", "{4065C046-481B-45DE-AE19-61220E7B874C}"
EndProject
Global
	GlobalSection(SolutionConfigurationPlatforms) = preSolution
		Debug|Any CPU = Debug|Any CPU
		Release|Any CPU = Release|Any CPU
	EndGlobalSection
	GlobalSection(ProjectConfigurationPlatforms) = postSolution
		{3DD189C4-A785-4A0C-95B6-D3F3C0D6E2F2}.Debug|Any CPU.ActiveCfg = Debug|Any CPU
		{3DD189C4-A785-4A0C-95B6-D3F3C0D6E2F2}.Debug|Any CPU.Build.0 = Debug|Any CPU
		{3DD189C4-A785-4A0C-95B6-D3F3C0D6E2F2}.Release|Any CPU.ActiveCfg = Release|Any CPU
		{3DD189C4-A785-4A0C-95B6-D3F3C0D6E2F2}.Release|Any CPU.Build.0 = Release|Any CPU
		{06DFF009-190C-4A9D-B890-EE08B73B1EB5}.Debug|Any CPU.ActiveCfg = Debug|Any CPU
		{06DFF009-190C-4A9D-B890-EE08B73B1EB5}.Debug|Any CPU.Build.0 = Debug|Any CPU
		{06DFF009-190C-4A9D-B890-EE08B73B1EB5}.Release|Any CPU.ActiveCfg = Release|Any CPU
		{06DFF009-190C-4A9D-B890-EE08B73B1EB5}.Release|Any CPU.Build.0 = Release|Any CPU
		{48F3054A-E27E-42F6-A78B-C374380516B9}.Debug|Any CPU.ActiveCfg = Debug|Any CPU
		{48F3054A-E27E-42F6-A78B-C374380516B9}.Debug|Any CPU.Build.0 = Debug|Any CPU
		{48F3054A-E27E-42F6-A78B-C374380516B9}.Release|Any CPU.ActiveCfg = Release|Any CPU
		{48F3054A-E27E-42F6-A78B-C374380516B9}.Release|Any CPU.Build.0 = Release|Any CPU
		{870C5EF0-C489-4447-9138-5441DCB8633E}.Debug|Any CPU.ActiveCfg = Debug|Any CPU
		{870C5EF0-C489-4447-9138-5441DCB8633E}.Debug|Any CPU.Build.0 = Debug|Any CPU
		{870C5EF0-C489-4447-9138-5441DCB8633E}.Release|Any CPU.ActiveCfg = Release|Any CPU
		{870C5EF0-C489-4447-9138-5441DCB8633E}.Release|Any CPU.Build.0 = Release|Any CPU
		{4065C046-481B-45DE-AE19-61220E7B874C}.Debug|Any CPU.ActiveCfg = Debug|Any CPU
		{4065C046-481B-45DE-AE19-61220E7B874C}.Debug|Any CPU.Build.0 = Debug|Any CPU
		{4065C046-481B-45DE-AE19-61220E7B874C}.Release|Any CPU.ActiveCfg = Release|Any CPU
		{4065C046-481B-45DE-AE19-61220E7B874C}.Release|Any CPU.Build.0 = Release|Any CPU
	EndGlobalSection
	GlobalSection(NestedProjects) = preSolution
		{48F3054A-E27E-42F6-A78B-C374380516B9} = {A6B35E5D-FAC3-435D-B5C0-302DF44CB05A}
		{870C5EF0-C489-4447-9138-5441DCB8633E} = {376C47B6-4130-43E2-BF6B-E51025E49A4B}
		{4065C046-481B-45DE-AE19-61220E7B874C} = {376C47B6-4130-43E2-BF6B-E51025E49A4B}
	EndGlobalSection
EndGlobal
